
Microsoft Visual Studio Solution File, Format Version 12.00
# Visual Studio Version 17
VisualStudioVersion = 17.13.35825.156
MinimumVisualStudioVersion = 10.0.40219.1
Project("{FAE04EC0-301F-11D3-BF4B-00C04F79EFBC}") = "WebApiEncode", "WebApiEncode\WebApiEncode.csproj", "{16F2F625-6988-45C6-907C-3FEC542C7B2E}"
EndProject
Project("{FAE04EC0-301F-11D3-BF4B-00C04F79EFBC}") = "Client", "Client\Client.csproj", "{26E3B6FC-77D1-4719-B661-B69E1A684655}"
EndProject
Project("{FAE04EC0-301F-11D3-BF4B-00C04F79EFBC}") = "EncodeLibrary", "EncodeLibrary\EncodeLibrary.csproj", "{A2B12182-D322-4180-A750-181E0873BAC3}"
EndProject
Project("{FAE04EC0-301F-11D3-BF4B-00C04F79EFBC}") = "WebApiEncode.Tests", "WebApiEncode.Tests\WebApiEncode.Tests.csproj", "{68C42731-8458-44BB-BED6-8D2AF22C7465}"
EndProject
Global
	GlobalSection(SolutionConfigurationPlatforms) = preSolution
		Debug|Any CPU = Debug|Any CPU
		Debug|x64 = Debug|x64
		Debug|x86 = Debug|x86
		Release|Any CPU = Release|Any CPU
		Release|x64 = Release|x64
		Release|x86 = Release|x86
	EndGlobalSection
	GlobalSection(ProjectConfigurationPlatforms) = postSolution
		{16F2F625-6988-45C6-907C-3FEC542C7B2E}.Debug|Any CPU.ActiveCfg = Debug|Any CPU
		{16F2F625-6988-45C6-907C-3FEC542C7B2E}.Debug|Any CPU.Build.0 = Debug|Any CPU
		{16F2F625-6988-45C6-907C-3FEC542C7B2E}.Debug|x64.ActiveCfg = Debug|Any CPU
		{16F2F625-6988-45C6-907C-3FEC542C7B2E}.Debug|x64.Build.0 = Debug|Any CPU
		{16F2F625-6988-45C6-907C-3FEC542C7B2E}.Debug|x86.ActiveCfg = Debug|Any CPU
		{16F2F625-6988-45C6-907C-3FEC542C7B2E}.Debug|x86.Build.0 = Debug|Any CPU
		{16F2F625-6988-45C6-907C-3FEC542C7B2E}.Release|Any CPU.ActiveCfg = Release|Any CPU
		{16F2F625-6988-45C6-907C-3FEC542C7B2E}.Release|Any CPU.Build.0 = Release|Any CPU
		{16F2F625-6988-45C6-907C-3FEC542C7B2E}.Release|x64.ActiveCfg = Release|Any CPU
		{16F2F625-6988-45C6-907C-3FEC542C7B2E}.Release|x64.Build.0 = Release|Any CPU
		{16F2F625-6988-45C6-907C-3FEC542C7B2E}.Release|x86.ActiveCfg = Release|Any CPU
		{16F2F625-6988-45C6-907C-3FEC542C7B2E}.Release|x86.Build.0 = Release|Any CPU
		{26E3B6FC-77D1-4719-B661-B69E1A684655}.Debug|Any CPU.ActiveCfg = Debug|Any CPU
		{26E3B6FC-77D1-4719-B661-B69E1A684655}.Debug|Any CPU.Build.0 = Debug|Any CPU
		{26E3B6FC-77D1-4719-B661-B69E1A684655}.Debug|x64.ActiveCfg = Debug|Any CPU
		{26E3B6FC-77D1-4719-B661-B69E1A684655}.Debug|x64.Build.0 = Debug|Any CPU
		{26E3B6FC-77D1-4719-B661-B69E1A684655}.Debug|x86.ActiveCfg = Debug|Any CPU
		{26E3B6FC-77D1-4719-B661-B69E1A684655}.Debug|x86.Build.0 = Debug|Any CPU
		{26E3B6FC-77D1-4719-B661-B69E1A684655}.Release|Any CPU.ActiveCfg = Release|Any CPU
		{26E3B6FC-77D1-4719-B661-B69E1A684655}.Release|Any CPU.Build.0 = Release|Any CPU
		{26E3B6FC-77D1-4719-B661-B69E1A684655}.Release|x64.ActiveCfg = Release|Any CPU
		{26E3B6FC-77D1-4719-B661-B69E1A684655}.Release|x64.Build.0 = Release|Any CPU
		{26E3B6FC-77D1-4719-B661-B69E1A684655}.Release|x86.ActiveCfg = Release|Any CPU
		{26E3B6FC-77D1-4719-B661-B69E1A684655}.Release|x86.Build.0 = Release|Any CPU
		{A2B12182-D322-4180-A750-181E0873BAC3}.Debug|Any CPU.ActiveCfg = Debug|Any CPU
		{A2B12182-D322-4180-A750-181E0873BAC3}.Debug|Any CPU.Build.0 = Debug|Any CPU
		{A2B12182-D322-4180-A750-181E0873BAC3}.Debug|x64.ActiveCfg = Debug|Any CPU
		{A2B12182-D322-4180-A750-181E0873BAC3}.Debug|x64.Build.0 = Debug|Any CPU
		{A2B12182-D322-4180-A750-181E0873BAC3}.Debug|x86.ActiveCfg = Debug|Any CPU
		{A2B12182-D322-4180-A750-181E0873BAC3}.Debug|x86.Build.0 = Debug|Any CPU
		{A2B12182-D322-4180-A750-181E0873BAC3}.Release|Any CPU.ActiveCfg = Release|Any CPU
		{A2B12182-D322-4180-A750-181E0873BAC3}.Release|Any CPU.Build.0 = Release|Any CPU
		{A2B12182-D322-4180-A750-181E0873BAC3}.Release|x64.ActiveCfg = Release|Any CPU
		{A2B12182-D322-4180-A750-181E0873BAC3}.Release|x64.Build.0 = Release|Any CPU
		{A2B12182-D322-4180-A750-181E0873BAC3}.Release|x86.ActiveCfg = Release|Any CPU
		{A2B12182-D322-4180-A750-181E0873BAC3}.Release|x86.Build.0 = Release|Any CPU
		{68C42731-8458-44BB-BED6-8D2AF22C7465}.Debug|Any CPU.ActiveCfg = Debug|Any CPU
		{68C42731-8458-44BB-BED6-8D2AF22C7465}.Debug|Any CPU.Build.0 = Debug|Any CPU
		{68C42731-8458-44BB-BED6-8D2AF22C7465}.Debug|x64.ActiveCfg = Debug|Any CPU
		{68C42731-8458-44BB-BED6-8D2AF22C7465}.Debug|x64.Build.0 = Debug|Any CPU
		{68C42731-8458-44BB-BED6-8D2AF22C7465}.Debug|x86.ActiveCfg = Debug|Any CPU
		{68C42731-8458-44BB-BED6-8D2AF22C7465}.Debug|x86.Build.0 = Debug|Any CPU
		{68C42731-8458-44BB-BED6-8D2AF22C7465}.Release|Any CPU.ActiveCfg = Release|Any CPU
		{68C42731-8458-44BB-BED6-8D2AF22C7465}.Release|Any CPU.Build.0 = Release|Any CPU
		{68C42731-8458-44BB-BED6-8D2AF22C7465}.Release|x64.ActiveCfg = Release|Any CPU
		{68C42731-8458-44BB-BED6-8D2AF22C7465}.Release|x64.Build.0 = Release|Any CPU
		{68C42731-8458-44BB-BED6-8D2AF22C7465}.Release|x86.ActiveCfg = Release|Any CPU
		{68C42731-8458-44BB-BED6-8D2AF22C7465}.Release|x86.Build.0 = Release|Any CPU
	EndGlobalSection
	GlobalSection(SolutionProperties) = preSolution
		HideSolutionNode = FALSE
	EndGlobalSection
	GlobalSection(ExtensibilityGlobals) = postSolution
		SolutionGuid = {2BB7513C-36FC-4E43-82E9-83629965A4B6}
	EndGlobalSection
EndGlobal
