Microsoft Visual Studio Solution File, Format Version 12.00
# Visual Studio Version 17
VisualStudioVersion = 17.5.2.0
MinimumVisualStudioVersion = 10.0.40219.1
Project("{FAE04EC0-301F-11D3-BF4B-00C04F79EFBC}") = "WebApiEncode", "WebApiEncode.csproj", "{5F2D9FF7-6406-D27D-54C0-75CC1F5BCAD4}"
EndProject
Global
	GlobalSection(SolutionConfigurationPlatforms) = preSolution
		Debug|Any CPU = Debug|Any CPU
		Release|Any CPU = Release|Any CPU
	EndGlobalSection
	GlobalSection(ProjectConfigurationPlatforms) = postSolution
		{5F2D9FF7-6406-D27D-54C0-75CC1F5BCAD4}.Debug|Any CPU.ActiveCfg = Debug|Any CPU
		{5F2D9FF7-6406-D27D-54C0-75CC1F5BCAD4}.Debug|Any CPU.Build.0 = Debug|Any CPU
		{5F2D9FF7-6406-D27D-54C0-75CC1F5BCAD4}.Release|Any CPU.ActiveCfg = Release|Any CPU
		{5F2D9FF7-6406-D27D-54C0-75CC1F5BCAD4}.Release|Any CPU.Build.0 = Release|Any CPU
	EndGlobalSection
	GlobalSection(SolutionProperties) = preSolution
		HideSolutionNode = FALSE
	EndGlobalSection
	GlobalSection(ExtensibilityGlobals) = postSolution
		SolutionGuid = {5A34AB57-C7FE-46F5-AEFB-1824A3B378A0}
	EndGlobalSection
EndGlobal
